
Microsoft Visual Studio Solution File, Format Version 12.00
# Visual Studio Version 17
VisualStudioVersion = 17.9.34701.34
MinimumVisualStudioVersion = 10.0.40219.1
Project("{FAE04EC0-301F-11D3-BF4B-00C04F79EFBC}") = "WebBanCaCanh", "WebBanCaCanh\WebBanCaCanh.csproj", "{B8A9A93A-9C7A-473B-9D51-0F6BCC5CCD9B}"
EndProject
Global
	GlobalSection(SolutionConfigurationPlatforms) = preSolution
		Debug|Any CPU = Debug|Any CPU
		Release|Any CPU = Release|Any CPU
	EndGlobalSection
	GlobalSection(ProjectConfigurationPlatforms) = postSolution
		{B8A9A93A-9C7A-473B-9D51-0F6BCC5CCD9B}.Debug|Any CPU.ActiveCfg = Debug|Any CPU
		{B8A9A93A-9C7A-473B-9D51-0F6BCC5CCD9B}.Debug|Any CPU.Build.0 = Debug|Any CPU
		{B8A9A93A-9C7A-473B-9D51-0F6BCC5CCD9B}.Release|Any CPU.ActiveCfg = Release|Any CPU
		{B8A9A93A-9C7A-473B-9D51-0F6BCC5CCD9B}.Release|Any CPU.Build.0 = Release|Any CPU
	EndGlobalSection
	GlobalSection(SolutionProperties) = preSolution
		HideSolutionNode = FALSE
	EndGlobalSection
	GlobalSection(ExtensibilityGlobals) = postSolution
		SolutionGuid = {4C114295-149B-4026-B558-F2CE812BF140}
	EndGlobalSection
EndGlobal
